
Microsoft Visual Studio Solution File, Format Version 12.00
# Visual Studio Version 17
VisualStudioVersion = 17.8.34330.188
MinimumVisualStudioVersion = 10.0.40219.1
Project("{FAE04EC0-301F-11D3-BF4B-00C04F79EFBC}") = "SchoolProject.API", "SchoolProject.API\SchoolProject.API.csproj", "{62B6F0EE-C8C3-4D19-930F-B76B6F015D0C}"
EndProject
Project("{FAE04EC0-301F-11D3-BF4B-00C04F79EFBC}") = "SchoolProject.Data", "SchoolProject.Data\SchoolProject.Data.csproj", "{93D97458-7B9B-4583-A50B-CC9CAA7C3DB4}"
EndProject
Project("{FAE04EC0-301F-11D3-BF4B-00C04F79EFBC}") = "SchoolProject.Infrastructure", "SchoolProject.Infrastructure\SchoolProject.Infrastructure.csproj", "{B0252056-9C6E-43B3-97FA-7D8D399353AE}"
EndProject
Project("{FAE04EC0-301F-11D3-BF4B-00C04F79EFBC}") = "SchoolProject.Service", "SchoolProject.Service\SchoolProject.Service.csproj", "{2C7BFD09-E352-4C6C-9DE5-043FA04B1620}"
EndProject
Project("{FAE04EC0-301F-11D3-BF4B-00C04F79EFBC}") = "SchoolProject.Core", "SchoolProject.Core\SchoolProject.Core.csproj", "{B57EF982-66E5-42DB-AF9C-5E8BA1682B61}"
EndProject
Global
	GlobalSection(SolutionConfigurationPlatforms) = preSolution
		Debug|Any CPU = Debug|Any CPU
		Release|Any CPU = Release|Any CPU
	EndGlobalSection
	GlobalSection(ProjectConfigurationPlatforms) = postSolution
		{62B6F0EE-C8C3-4D19-930F-B76B6F015D0C}.Debug|Any CPU.ActiveCfg = Debug|Any CPU
		{62B6F0EE-C8C3-4D19-930F-B76B6F015D0C}.Debug|Any CPU.Build.0 = Debug|Any CPU
		{62B6F0EE-C8C3-4D19-930F-B76B6F015D0C}.Release|Any CPU.ActiveCfg = Release|Any CPU
		{62B6F0EE-C8C3-4D19-930F-B76B6F015D0C}.Release|Any CPU.Build.0 = Release|Any CPU
		{93D97458-7B9B-4583-A50B-CC9CAA7C3DB4}.Debug|Any CPU.ActiveCfg = Debug|Any CPU
		{93D97458-7B9B-4583-A50B-CC9CAA7C3DB4}.Debug|Any CPU.Build.0 = Debug|Any CPU
		{93D97458-7B9B-4583-A50B-CC9CAA7C3DB4}.Release|Any CPU.ActiveCfg = Release|Any CPU
		{93D97458-7B9B-4583-A50B-CC9CAA7C3DB4}.Release|Any CPU.Build.0 = Release|Any CPU
		{B0252056-9C6E-43B3-97FA-7D8D399353AE}.Debug|Any CPU.ActiveCfg = Debug|Any CPU
		{B0252056-9C6E-43B3-97FA-7D8D399353AE}.Debug|Any CPU.Build.0 = Debug|Any CPU
		{B0252056-9C6E-43B3-97FA-7D8D399353AE}.Release|Any CPU.ActiveCfg = Release|Any CPU
		{B0252056-9C6E-43B3-97FA-7D8D399353AE}.Release|Any CPU.Build.0 = Release|Any CPU
		{2C7BFD09-E352-4C6C-9DE5-043FA04B1620}.Debug|Any CPU.ActiveCfg = Debug|Any CPU
		{2C7BFD09-E352-4C6C-9DE5-043FA04B1620}.Debug|Any CPU.Build.0 = Debug|Any CPU
		{2C7BFD09-E352-4C6C-9DE5-043FA04B1620}.Release|Any CPU.ActiveCfg = Release|Any CPU
		{2C7BFD09-E352-4C6C-9DE5-043FA04B1620}.Release|Any CPU.Build.0 = Release|Any CPU
		{B57EF982-66E5-42DB-AF9C-5E8BA1682B61}.Debug|Any CPU.ActiveCfg = Debug|Any CPU
		{B57EF982-66E5-42DB-AF9C-5E8BA1682B61}.Debug|Any CPU.Build.0 = Debug|Any CPU
		{B57EF982-66E5-42DB-AF9C-5E8BA1682B61}.Release|Any CPU.ActiveCfg = Release|Any CPU
		{B57EF982-66E5-42DB-AF9C-5E8BA1682B61}.Release|Any CPU.Build.0 = Release|Any CPU
	EndGlobalSection
	GlobalSection(SolutionProperties) = preSolution
		HideSolutionNode = FALSE
	EndGlobalSection
	GlobalSection(ExtensibilityGlobals) = postSolution
		SolutionGuid = {F8936FE1-B0D2-4842-B4D9-0F233EE145E8}
	EndGlobalSection
EndGlobal
